{
  "nodes": {
    "flake-compat": {
      "flake": false,
      "locked": {
        "lastModified": 1673956053,
        "narHash": "sha256-4gtG9iQuiKITOjNQQeQIpoIB6b16fm+504Ch3sNKLd8=",
        "owner": "edolstra",
        "repo": "flake-compat",
        "rev": "35bb57c0c8d8b62bbfd284272c928ceb64ddbde9",
        "type": "github"
      },
      "original": {
        "owner": "edolstra",
        "repo": "flake-compat",
        "type": "github"
      }
    },
    "nix-matlab": {
      "inputs": {
        "flake-compat": "flake-compat",
        "nixpkgs": [
          "nixpkgs"
        ]
      },
      "locked": {
        "lastModified": 1685977267,
        "narHash": "sha256-OIlHWZ2oIQ4LBPnddqln1bEXVnqHdAy5CASOw/2IPSU=",
        "type": "git",
        "url": "file:///home/voidee/clones/nix-matlab"
      },
      "original": {
        "type": "git",
        "url": "file:///home/voidee/clones/nix-matlab"
      }
    },
    "nixpkgs": {
      "locked": {
        "lastModified": 1698857094,
        "narHash": "sha256-op5bT9nN1DdTYZlpPSwxHEc6FlaTFl42jc8QmBAzUdg=",
        "owner": "NixOS",
        "repo": "nixpkgs",
        "rev": "f77fc56a81c77884f339396a77ba9defef2b2a05",
        "type": "github"
      },
      "original": {
        "owner": "NixOS",
        "repo": "nixpkgs",
        "type": "github"
      }
    },
    "root": {
      "inputs": {
        "nix-matlab": "nix-matlab",
        "nixpkgs": "nixpkgs"
      }
    }
  },
  "root": "root",
  "version": 7
}
